// !$*UTF8*$!
{
	archiveVersion = 1;
	classes = {
	};
	objectVersion = 56;
	objects = {

/* Begin PBXBuildFile section */
		0B03446729A4B9C50082588B /* AppDelegate.swift in Sources */ = {isa = PBXBuildFile; fileRef = 0B03446629A4B9C50082588B /* AppDelegate.swift */; };
		0B03446929A4B9C50082588B /* SceneDelegate.swift in Sources */ = {isa = PBXBuildFile; fileRef = 0B03446829A4B9C50082588B /* SceneDelegate.swift */; };
		0B03446B29A4B9C50082588B /* MainViewController.swift in Sources */ = {isa = PBXBuildFile; fileRef = 0B03446A29A4B9C50082588B /* MainViewController.swift */; };
		0B03447029A4B9C80082588B /* Assets.xcassets in Resources */ = {isa = PBXBuildFile; fileRef = 0B03446F29A4B9C80082588B /* Assets.xcassets */; };
		0B03447329A4B9C80082588B /* LaunchScreen.storyboard in Resources */ = {isa = PBXBuildFile; fileRef = 0B03447129A4B9C80082588B /* LaunchScreen.storyboard */; };
		0B03447E29A4B9C80082588B /* BMOGIFTests.swift in Sources */ = {isa = PBXBuildFile; fileRef = 0B03447D29A4B9C80082588B /* BMOGIFTests.swift */; };
		0B03448829A4B9C80082588B /* BMOGIFUITests.swift in Sources */ = {isa = PBXBuildFile; fileRef = 0B03448729A4B9C80082588B /* BMOGIFUITests.swift */; };
		0B03448A29A4B9C80082588B /* BMOGIFUITestsLaunchTests.swift in Sources */ = {isa = PBXBuildFile; fileRef = 0B03448929A4B9C80082588B /* BMOGIFUITestsLaunchTests.swift */; };
		0B03449B29A4BDA10082588B /* BMOGIFImageView.swift in Sources */ = {isa = PBXBuildFile; fileRef = 0B03449A29A4BDA10082588B /* BMOGIFImageView.swift */; };
		0B03449D29A4BDAC0082588B /* GIFAnimator.swift in Sources */ = {isa = PBXBuildFile; fileRef = 0B03449C29A4BDAC0082588B /* GIFAnimator.swift */; };
		0B03449F29A4BDB50082588B /* GIFFrameFactory.swift in Sources */ = {isa = PBXBuildFile; fileRef = 0B03449E29A4BDB50082588B /* GIFFrameFactory.swift */; };
		0B0344A129A4BDBD0082588B /* GIFFrame.swift in Sources */ = {isa = PBXBuildFile; fileRef = 0B0344A029A4BDBD0082588B /* GIFFrame.swift */; };
		0BE7766529AE10FB004FFB75 /* GIFImageCache.swift in Sources */ = {isa = PBXBuildFile; fileRef = 0BE7766429AE10FB004FFB75 /* GIFImageCache.swift */; };
		0BE7766729AE12C4004FFB75 /* GIfImageCacheItem.swift in Sources */ = {isa = PBXBuildFile; fileRef = 0BE7766629AE12C4004FFB75 /* GIfImageCacheItem.swift */; };
		0BE7766929B0B9A8004FFB75 /* GIFDownLoader.swift in Sources */ = {isa = PBXBuildFile; fileRef = 0BE7766829B0B9A8004FFB75 /* GIFDownLoader.swift */; };
/* End PBXBuildFile section */

/* Begin PBXContainerItemProxy section */
		0B03447A29A4B9C80082588B /* PBXContainerItemProxy */ = {
			isa = PBXContainerItemProxy;
			containerPortal = 0B03445B29A4B9C50082588B /* Project object */;
			proxyType = 1;
			remoteGlobalIDString = 0B03446229A4B9C50082588B;
			remoteInfo = BMOGIF;
		};
		0B03448429A4B9C80082588B /* PBXContainerItemProxy */ = {
			isa = PBXContainerItemProxy;
			containerPortal = 0B03445B29A4B9C50082588B /* Project object */;
			proxyType = 1;
			remoteGlobalIDString = 0B03446229A4B9C50082588B;
			remoteInfo = BMOGIF;
		};
/* End PBXContainerItemProxy section */

/* Begin PBXFileReference section */
		0B03446329A4B9C50082588B /* BMOGIF.app */ = {isa = PBXFileReference; explicitFileType = wrapper.application; includeInIndex = 0; path = BMOGIF.app; sourceTree = BUILT_PRODUCTS_DIR; };
		0B03446629A4B9C50082588B /* AppDelegate.swift */ = {isa = PBXFileReference; lastKnownFileType = sourcecode.swift; path = AppDelegate.swift; sourceTree = "<group>"; };
		0B03446829A4B9C50082588B /* SceneDelegate.swift */ = {isa = PBXFileReference; lastKnownFileType = sourcecode.swift; path = SceneDelegate.swift; sourceTree = "<group>"; };
		0B03446A29A4B9C50082588B /* MainViewController.swift */ = {isa = PBXFileReference; lastKnownFileType = sourcecode.swift; path = MainViewController.swift; sourceTree = "<group>"; };
		0B03446F29A4B9C80082588B /* Assets.xcassets */ = {isa = PBXFileReference; lastKnownFileType = folder.assetcatalog; path = Assets.xcassets; sourceTree = "<group>"; };
		0B03447229A4B9C80082588B /* Base */ = {isa = PBXFileReference; lastKnownFileType = file.storyboard; name = Base; path = Base.lproj/LaunchScreen.storyboard; sourceTree = "<group>"; };
		0B03447429A4B9C80082588B /* Info.plist */ = {isa = PBXFileReference; lastKnownFileType = text.plist.xml; path = Info.plist; sourceTree = "<group>"; };
		0B03447929A4B9C80082588B /* BMOGIFTests.xctest */ = {isa = PBXFileReference; explicitFileType = wrapper.cfbundle; includeInIndex = 0; path = BMOGIFTests.xctest; sourceTree = BUILT_PRODUCTS_DIR; };
		0B03447D29A4B9C80082588B /* BMOGIFTests.swift */ = {isa = PBXFileReference; lastKnownFileType = sourcecode.swift; path = BMOGIFTests.swift; sourceTree = "<group>"; };
		0B03448329A4B9C80082588B /* BMOGIFUITests.xctest */ = {isa = PBXFileReference; explicitFileType = wrapper.cfbundle; includeInIndex = 0; path = BMOGIFUITests.xctest; sourceTree = BUILT_PRODUCTS_DIR; };
		0B03448729A4B9C80082588B /* BMOGIFUITests.swift */ = {isa = PBXFileReference; lastKnownFileType = sourcecode.swift; path = BMOGIFUITests.swift; sourceTree = "<group>"; };
		0B03448929A4B9C80082588B /* BMOGIFUITestsLaunchTests.swift */ = {isa = PBXFileReference; lastKnownFileType = sourcecode.swift; path = BMOGIFUITestsLaunchTests.swift; sourceTree = "<group>"; };
		0B03449A29A4BDA10082588B /* BMOGIFImageView.swift */ = {isa = PBXFileReference; lastKnownFileType = sourcecode.swift; path = BMOGIFImageView.swift; sourceTree = "<group>"; };
		0B03449C29A4BDAC0082588B /* GIFAnimator.swift */ = {isa = PBXFileReference; lastKnownFileType = sourcecode.swift; path = GIFAnimator.swift; sourceTree = "<group>"; };
		0B03449E29A4BDB50082588B /* GIFFrameFactory.swift */ = {isa = PBXFileReference; lastKnownFileType = sourcecode.swift; path = GIFFrameFactory.swift; sourceTree = "<group>"; };
		0B0344A029A4BDBD0082588B /* GIFFrame.swift */ = {isa = PBXFileReference; lastKnownFileType = sourcecode.swift; path = GIFFrame.swift; sourceTree = "<group>"; };
		0BE7766429AE10FB004FFB75 /* GIFImageCache.swift */ = {isa = PBXFileReference; lastKnownFileType = sourcecode.swift; path = GIFImageCache.swift; sourceTree = "<group>"; };
		0BE7766629AE12C4004FFB75 /* GIfImageCacheItem.swift */ = {isa = PBXFileReference; lastKnownFileType = sourcecode.swift; path = GIfImageCacheItem.swift; sourceTree = "<group>"; };
		0BE7766829B0B9A8004FFB75 /* GIFDownLoader.swift */ = {isa = PBXFileReference; lastKnownFileType = sourcecode.swift; path = GIFDownLoader.swift; sourceTree = "<group>"; };
/* End PBXFileReference section */

/* Begin PBXFrameworksBuildPhase section */
		0B03446029A4B9C50082588B /* Frameworks */ = {
			isa = PBXFrameworksBuildPhase;
			buildActionMask = 2147483647;
			files = (
			);
			runOnlyForDeploymentPostprocessing = 0;
		};
		0B03447629A4B9C80082588B /* Frameworks */ = {
			isa = PBXFrameworksBuildPhase;
			buildActionMask = 2147483647;
			files = (
			);
			runOnlyForDeploymentPostprocessing = 0;
		};
		0B03448029A4B9C80082588B /* Frameworks */ = {
			isa = PBXFrameworksBuildPhase;
			buildActionMask = 2147483647;
			files = (
			);
			runOnlyForDeploymentPostprocessing = 0;
		};
/* End PBXFrameworksBuildPhase section */

/* Begin PBXGroup section */
		0B03445A29A4B9C50082588B = {
			isa = PBXGroup;
			children = (
				0B03446529A4B9C50082588B /* BMOGIF */,
				0B03447C29A4B9C80082588B /* BMOGIFTests */,
				0B03448629A4B9C80082588B /* BMOGIFUITests */,
				0B03446429A4B9C50082588B /* Products */,
			);
			sourceTree = "<group>";
		};
		0B03446429A4B9C50082588B /* Products */ = {
			isa = PBXGroup;
			children = (
				0B03446329A4B9C50082588B /* BMOGIF.app */,
				0B03447929A4B9C80082588B /* BMOGIFTests.xctest */,
				0B03448329A4B9C80082588B /* BMOGIFUITests.xctest */,
			);
			name = Products;
			sourceTree = "<group>";
		};
		0B03446529A4B9C50082588B /* BMOGIF */ = {
			isa = PBXGroup;
			children = (
				0B03449629A4BCB20082588B /* Resource */,
				0B03449729A4BCE50082588B /* Source */,
			);
			path = BMOGIF;
			sourceTree = "<group>";
		};
		0B03447C29A4B9C80082588B /* BMOGIFTests */ = {
			isa = PBXGroup;
			children = (
				0B03447D29A4B9C80082588B /* BMOGIFTests.swift */,
			);
			path = BMOGIFTests;
			sourceTree = "<group>";
		};
		0B03448629A4B9C80082588B /* BMOGIFUITests */ = {
			isa = PBXGroup;
			children = (
				0B03448729A4B9C80082588B /* BMOGIFUITests.swift */,
				0B03448929A4B9C80082588B /* BMOGIFUITestsLaunchTests.swift */,
			);
			path = BMOGIFUITests;
			sourceTree = "<group>";
		};
		0B03449629A4BCB20082588B /* Resource */ = {
			isa = PBXGroup;
			children = (
				0B03446F29A4B9C80082588B /* Assets.xcassets */,
				0B03447129A4B9C80082588B /* LaunchScreen.storyboard */,
				0B03447429A4B9C80082588B /* Info.plist */,
			);
			path = Resource;
			sourceTree = "<group>";
		};
		0B03449729A4BCE50082588B /* Source */ = {
			isa = PBXGroup;
			children = (
				0B03446629A4B9C50082588B /* AppDelegate.swift */,
				0B03446829A4B9C50082588B /* SceneDelegate.swift */,
				0B03449929A4BD030082588B /* GIFClasses */,
				0B03449829A4BCFD0082588B /* View */,
			);
			path = Source;
			sourceTree = "<group>";
		};
		0B03449829A4BCFD0082588B /* View */ = {
			isa = PBXGroup;
			children = (
				0B03446A29A4B9C50082588B /* MainViewController.swift */,
			);
			path = View;
			sourceTree = "<group>";
		};
		0B03449929A4BD030082588B /* GIFClasses */ = {
			isa = PBXGroup;
			children = (
				0B0344A029A4BDBD0082588B /* GIFFrame.swift */,
				0B03449E29A4BDB50082588B /* GIFFrameFactory.swift */,
				0B03449C29A4BDAC0082588B /* GIFAnimator.swift */,
				0BE7766429AE10FB004FFB75 /* GIFImageCache.swift */,
				0BE7766629AE12C4004FFB75 /* GIfImageCacheItem.swift */,
				0B03449A29A4BDA10082588B /* BMOGIFImageView.swift */,
				0BE7766829B0B9A8004FFB75 /* GIFDownLoader.swift */,
			);
			path = GIFClasses;
			sourceTree = "<group>";
		};
/* End PBXGroup section */

/* Begin PBXNativeTarget section */
		0B03446229A4B9C50082588B /* BMOGIF */ = {
			isa = PBXNativeTarget;
			buildConfigurationList = 0B03448D29A4B9C80082588B /* Build configuration list for PBXNativeTarget "BMOGIF" */;
			buildPhases = (
				0B03445F29A4B9C50082588B /* Sources */,
				0B03446029A4B9C50082588B /* Frameworks */,
				0B03446129A4B9C50082588B /* Resources */,
			);
			buildRules = (
			);
			dependencies = (
			);
			name = BMOGIF;
			productName = BMOGIF;
			productReference = 0B03446329A4B9C50082588B /* BMOGIF.app */;
			productType = "com.apple.product-type.application";
		};
		0B03447829A4B9C80082588B /* BMOGIFTests */ = {
			isa = PBXNativeTarget;
			buildConfigurationList = 0B03449029A4B9C80082588B /* Build configuration list for PBXNativeTarget "BMOGIFTests" */;
			buildPhases = (
				0B03447529A4B9C80082588B /* Sources */,
				0B03447629A4B9C80082588B /* Frameworks */,
				0B03447729A4B9C80082588B /* Resources */,
			);
			buildRules = (
			);
			dependencies = (
				0B03447B29A4B9C80082588B /* PBXTargetDependency */,
			);
			name = BMOGIFTests;
			productName = BMOGIFTests;
			productReference = 0B03447929A4B9C80082588B /* BMOGIFTests.xctest */;
			productType = "com.apple.product-type.bundle.unit-test";
		};
		0B03448229A4B9C80082588B /* BMOGIFUITests */ = {
			isa = PBXNativeTarget;
			buildConfigurationList = 0B03449329A4B9C80082588B /* Build configuration list for PBXNativeTarget "BMOGIFUITests" */;
			buildPhases = (
				0B03447F29A4B9C80082588B /* Sources */,
				0B03448029A4B9C80082588B /* Frameworks */,
				0B03448129A4B9C80082588B /* Resources */,
			);
			buildRules = (
			);
			dependencies = (
				0B03448529A4B9C80082588B /* PBXTargetDependency */,
			);
			name = BMOGIFUITests;
			productName = BMOGIFUITests;
			productReference = 0B03448329A4B9C80082588B /* BMOGIFUITests.xctest */;
			productType = "com.apple.product-type.bundle.ui-testing";
		};
/* End PBXNativeTarget section */

/* Begin PBXProject section */
		0B03445B29A4B9C50082588B /* Project object */ = {
			isa = PBXProject;
			attributes = {
				BuildIndependentTargetsInParallel = 1;
				LastSwiftUpdateCheck = 1420;
				LastUpgradeCheck = 1420;
				TargetAttributes = {
					0B03446229A4B9C50082588B = {
						CreatedOnToolsVersion = 14.2;
					};
					0B03447829A4B9C80082588B = {
						CreatedOnToolsVersion = 14.2;
						TestTargetID = 0B03446229A4B9C50082588B;
					};
					0B03448229A4B9C80082588B = {
						CreatedOnToolsVersion = 14.2;
						TestTargetID = 0B03446229A4B9C50082588B;
					};
				};
			};
			buildConfigurationList = 0B03445E29A4B9C50082588B /* Build configuration list for PBXProject "BMOGIF" */;
			compatibilityVersion = "Xcode 14.0";
			developmentRegion = en;
			hasScannedForEncodings = 0;
			knownRegions = (
				en,
				Base,
			);
			mainGroup = 0B03445A29A4B9C50082588B;
			productRefGroup = 0B03446429A4B9C50082588B /* Products */;
			projectDirPath = "";
			projectRoot = "";
			targets = (
				0B03446229A4B9C50082588B /* BMOGIF */,
				0B03447829A4B9C80082588B /* BMOGIFTests */,
				0B03448229A4B9C80082588B /* BMOGIFUITests */,
			);
		};
/* End PBXProject section */

/* Begin PBXResourcesBuildPhase section */
		0B03446129A4B9C50082588B /* Resources */ = {
			isa = PBXResourcesBuildPhase;
			buildActionMask = 2147483647;
			files = (
				0B03447329A4B9C80082588B /* LaunchScreen.storyboard in Resources */,
				0B03447029A4B9C80082588B /* Assets.xcassets in Resources */,
			);
			runOnlyForDeploymentPostprocessing = 0;
		};
		0B03447729A4B9C80082588B /* Resources */ = {
			isa = PBXResourcesBuildPhase;
			buildActionMask = 2147483647;
			files = (
			);
			runOnlyForDeploymentPostprocessing = 0;
		};
		0B03448129A4B9C80082588B /* Resources */ = {
			isa = PBXResourcesBuildPhase;
			buildActionMask = 2147483647;
			files = (
			);
			runOnlyForDeploymentPostprocessing = 0;
		};
/* End PBXResourcesBuildPhase section */

/* Begin PBXSourcesBuildPhase section */
		0B03445F29A4B9C50082588B /* Sources */ = {
			isa = PBXSourcesBuildPhase;
			buildActionMask = 2147483647;
			files = (
				0B03446B29A4B9C50082588B /* MainViewController.swift in Sources */,
				0B03449F29A4BDB50082588B /* GIFFrameFactory.swift in Sources */,
				0B03449B29A4BDA10082588B /* BMOGIFImageView.swift in Sources */,
				0B0344A129A4BDBD0082588B /* GIFFrame.swift in Sources */,
				0BE7766529AE10FB004FFB75 /* GIFImageCache.swift in Sources */,
				0B03449D29A4BDAC0082588B /* GIFAnimator.swift in Sources */,
				0BE7766929B0B9A8004FFB75 /* GIFDownLoader.swift in Sources */,
				0BE7766729AE12C4004FFB75 /* GIfImageCacheItem.swift in Sources */,
				0B03446729A4B9C50082588B /* AppDelegate.swift in Sources */,
				0B03446929A4B9C50082588B /* SceneDelegate.swift in Sources */,
			);
			runOnlyForDeploymentPostprocessing = 0;
		};
		0B03447529A4B9C80082588B /* Sources */ = {
			isa = PBXSourcesBuildPhase;
			buildActionMask = 2147483647;
			files = (
				0B03447E29A4B9C80082588B /* BMOGIFTests.swift in Sources */,
			);
			runOnlyForDeploymentPostprocessing = 0;
		};
		0B03447F29A4B9C80082588B /* Sources */ = {
			isa = PBXSourcesBuildPhase;
			buildActionMask = 2147483647;
			files = (
				0B03448A29A4B9C80082588B /* BMOGIFUITestsLaunchTests.swift in Sources */,
				0B03448829A4B9C80082588B /* BMOGIFUITests.swift in Sources */,
			);
			runOnlyForDeploymentPostprocessing = 0;
		};
/* End PBXSourcesBuildPhase section */

/* Begin PBXTargetDependency section */
		0B03447B29A4B9C80082588B /* PBXTargetDependency */ = {
			isa = PBXTargetDependency;
			target = 0B03446229A4B9C50082588B /* BMOGIF */;
			targetProxy = 0B03447A29A4B9C80082588B /* PBXContainerItemProxy */;
		};
		0B03448529A4B9C80082588B /* PBXTargetDependency */ = {
			isa = PBXTargetDependency;
			target = 0B03446229A4B9C50082588B /* BMOGIF */;
			targetProxy = 0B03448429A4B9C80082588B /* PBXContainerItemProxy */;
		};
/* End PBXTargetDependency section */

/* Begin PBXVariantGroup section */
		0B03447129A4B9C80082588B /* LaunchScreen.storyboard */ = {
			isa = PBXVariantGroup;
			children = (
				0B03447229A4B9C80082588B /* Base */,
			);
			name = LaunchScreen.storyboard;
			sourceTree = "<group>";
		};
/* End PBXVariantGroup section */

/* Begin XCBuildConfiguration section */
		0B03448B29A4B9C80082588B /* Debug */ = {
			isa = XCBuildConfiguration;
			buildSettings = {
				ALWAYS_SEARCH_USER_PATHS = NO;
				CLANG_ANALYZER_NONNULL = YES;
				CLANG_ANALYZER_NUMBER_OBJECT_CONVERSION = YES_AGGRESSIVE;
				CLANG_CXX_LANGUAGE_STANDARD = "gnu++20";
				CLANG_ENABLE_MODULES = YES;
				CLANG_ENABLE_OBJC_ARC = YES;
				CLANG_ENABLE_OBJC_WEAK = YES;
				CLANG_WARN_BLOCK_CAPTURE_AUTORELEASING = YES;
				CLANG_WARN_BOOL_CONVERSION = YES;
				CLANG_WARN_COMMA = YES;
				CLANG_WARN_CONSTANT_CONVERSION = YES;
				CLANG_WARN_DEPRECATED_OBJC_IMPLEMENTATIONS = YES;
				CLANG_WARN_DIRECT_OBJC_ISA_USAGE = YES_ERROR;
				CLANG_WARN_DOCUMENTATION_COMMENTS = YES;
				CLANG_WARN_EMPTY_BODY = YES;
				CLANG_WARN_ENUM_CONVERSION = YES;
				CLANG_WARN_INFINITE_RECURSION = YES;
				CLANG_WARN_INT_CONVERSION = YES;
				CLANG_WARN_NON_LITERAL_NULL_CONVERSION = YES;
				CLANG_WARN_OBJC_IMPLICIT_RETAIN_SELF = YES;
				CLANG_WARN_OBJC_LITERAL_CONVERSION = YES;
				CLANG_WARN_OBJC_ROOT_CLASS = YES_ERROR;
				CLANG_WARN_QUOTED_INCLUDE_IN_FRAMEWORK_HEADER = YES;
				CLANG_WARN_RANGE_LOOP_ANALYSIS = YES;
				CLANG_WARN_STRICT_PROTOTYPES = YES;
				CLANG_WARN_SUSPICIOUS_MOVE = YES;
				CLANG_WARN_UNGUARDED_AVAILABILITY = YES_AGGRESSIVE;
				CLANG_WARN_UNREACHABLE_CODE = YES;
				CLANG_WARN__DUPLICATE_METHOD_MATCH = YES;
				COPY_PHASE_STRIP = NO;
				DEBUG_INFORMATION_FORMAT = dwarf;
				ENABLE_STRICT_OBJC_MSGSEND = YES;
				ENABLE_TESTABILITY = YES;
				GCC_C_LANGUAGE_STANDARD = gnu11;
				GCC_DYNAMIC_NO_PIC = NO;
				GCC_NO_COMMON_BLOCKS = YES;
				GCC_OPTIMIZATION_LEVEL = 0;
				GCC_PREPROCESSOR_DEFINITIONS = (
					"DEBUG=1",
					"$(inherited)",
				);
				GCC_WARN_64_TO_32_BIT_CONVERSION = YES;
				GCC_WARN_ABOUT_RETURN_TYPE = YES_ERROR;
				GCC_WARN_UNDECLARED_SELECTOR = YES;
				GCC_WARN_UNINITIALIZED_AUTOS = YES_AGGRESSIVE;
				GCC_WARN_UNUSED_FUNCTION = YES;
				GCC_WARN_UNUSED_VARIABLE = YES;
				IPHONEOS_DEPLOYMENT_TARGET = 16.2;
				MTL_ENABLE_DEBUG_INFO = INCLUDE_SOURCE;
				MTL_FAST_MATH = YES;
				ONLY_ACTIVE_ARCH = YES;
				SDKROOT = iphoneos;
				SWIFT_ACTIVE_COMPILATION_CONDITIONS = DEBUG;
				SWIFT_OPTIMIZATION_LEVEL = "-Onone";
			};
			name = Debug;
		};
		0B03448C29A4B9C80082588B /* Release */ = {
			isa = XCBuildConfiguration;
			buildSettings = {
				ALWAYS_SEARCH_USER_PATHS = NO;
				CLANG_ANALYZER_NONNULL = YES;
				CLANG_ANALYZER_NUMBER_OBJECT_CONVERSION = YES_AGGRESSIVE;
				CLANG_CXX_LANGUAGE_STANDARD = "gnu++20";
				CLANG_ENABLE_MODULES = YES;
				CLANG_ENABLE_OBJC_ARC = YES;
				CLANG_ENABLE_OBJC_WEAK = YES;
				CLANG_WARN_BLOCK_CAPTURE_AUTORELEASING = YES;
				CLANG_WARN_BOOL_CONVERSION = YES;
				CLANG_WARN_COMMA = YES;
				CLANG_WARN_CONSTANT_CONVERSION = YES;
				CLANG_WARN_DEPRECATED_OBJC_IMPLEMENTATIONS = YES;
				CLANG_WARN_DIRECT_OBJC_ISA_USAGE = YES_ERROR;
				CLANG_WARN_DOCUMENTATION_COMMENTS = YES;
				CLANG_WARN_EMPTY_BODY = YES;
				CLANG_WARN_ENUM_CONVERSION = YES;
				CLANG_WARN_INFINITE_RECURSION = YES;
				CLANG_WARN_INT_CONVERSION = YES;
				CLANG_WARN_NON_LITERAL_NULL_CONVERSION = YES;
				CLANG_WARN_OBJC_IMPLICIT_RETAIN_SELF = YES;
				CLANG_WARN_OBJC_LITERAL_CONVERSION = YES;
				CLANG_WARN_OBJC_ROOT_CLASS = YES_ERROR;
				CLANG_WARN_QUOTED_INCLUDE_IN_FRAMEWORK_HEADER = YES;
				CLANG_WARN_RANGE_LOOP_ANALYSIS = YES;
				CLANG_WARN_STRICT_PROTOTYPES = YES;
				CLANG_WARN_SUSPICIOUS_MOVE = YES;
				CLANG_WARN_UNGUARDED_AVAILABILITY = YES_AGGRESSIVE;
				CLANG_WARN_UNREACHABLE_CODE = YES;
				CLANG_WARN__DUPLICATE_METHOD_MATCH = YES;
				COPY_PHASE_STRIP = NO;
				DEBUG_INFORMATION_FORMAT = "dwarf-with-dsym";
				ENABLE_NS_ASSERTIONS = NO;
				ENABLE_STRICT_OBJC_MSGSEND = YES;
				GCC_C_LANGUAGE_STANDARD = gnu11;
				GCC_NO_COMMON_BLOCKS = YES;
				GCC_WARN_64_TO_32_BIT_CONVERSION = YES;
				GCC_WARN_ABOUT_RETURN_TYPE = YES_ERROR;
				GCC_WARN_UNDECLARED_SELECTOR = YES;
				GCC_WARN_UNINITIALIZED_AUTOS = YES_AGGRESSIVE;
				GCC_WARN_UNUSED_FUNCTION = YES;
				GCC_WARN_UNUSED_VARIABLE = YES;
				IPHONEOS_DEPLOYMENT_TARGET = 16.2;
				MTL_ENABLE_DEBUG_INFO = NO;
				MTL_FAST_MATH = YES;
				SDKROOT = iphoneos;
				SWIFT_COMPILATION_MODE = wholemodule;
				SWIFT_OPTIMIZATION_LEVEL = "-O";
				VALIDATE_PRODUCT = YES;
			};
			name = Release;
		};
		0B03448E29A4B9C80082588B /* Debug */ = {
			isa = XCBuildConfiguration;
			buildSettings = {
				ASSETCATALOG_COMPILER_APPICON_NAME = AppIcon;
				ASSETCATALOG_COMPILER_GLOBAL_ACCENT_COLOR_NAME = AccentColor;
				CODE_SIGN_STYLE = Automatic;
				CURRENT_PROJECT_VERSION = 1;
				DEVELOPMENT_TEAM = DAG6F8V8UR;
				GENERATE_INFOPLIST_FILE = YES;
				INFOPLIST_FILE = BMOGIF/Resource/Info.plist;
				INFOPLIST_KEY_UIApplicationSupportsIndirectInputEvents = YES;
				INFOPLIST_KEY_UILaunchStoryboardName = LaunchScreen;
				INFOPLIST_KEY_UISupportedInterfaceOrientations_iPad = "UIInterfaceOrientationPortrait UIInterfaceOrientationPortraitUpsideDown UIInterfaceOrientationLandscapeLeft UIInterfaceOrientationLandscapeRight";
				INFOPLIST_KEY_UISupportedInterfaceOrientations_iPhone = "UIInterfaceOrientationPortrait UIInterfaceOrientationLandscapeLeft UIInterfaceOrientationLandscapeRight";
				IPHONEOS_DEPLOYMENT_TARGET = 15.0;
				LD_RUNPATH_SEARCH_PATHS = (
					"$(inherited)",
					"@executable_path/Frameworks",
				);
				MARKETING_VERSION = 1.0;
				PRODUCT_BUNDLE_IDENTIFIER = com.Dynamic.BMOGIF;
				PRODUCT_NAME = "$(TARGET_NAME)";
				SUPPORTED_PLATFORMS = "iphoneos iphonesimulator";
				SUPPORTS_MACCATALYST = NO;
				SUPPORTS_MAC_DESIGNED_FOR_IPHONE_IPAD = NO;
				SWIFT_EMIT_LOC_STRINGS = YES;
				SWIFT_VERSION = 5.0;
				TARGETED_DEVICE_FAMILY = 1;
			};
			name = Debug;
		};
		0B03448F29A4B9C80082588B /* Release */ = {
			isa = XCBuildConfiguration;
			buildSettings = {
				ASSETCATALOG_COMPILER_APPICON_NAME = AppIcon;
				ASSETCATALOG_COMPILER_GLOBAL_ACCENT_COLOR_NAME = AccentColor;
				CODE_SIGN_STYLE = Automatic;
				CURRENT_PROJECT_VERSION = 1;
				DEVELOPMENT_TEAM = DAG6F8V8UR;
				GENERATE_INFOPLIST_FILE = YES;
				INFOPLIST_FILE = BMOGIF/Resource/Info.plist;
				INFOPLIST_KEY_UIApplicationSupportsIndirectInputEvents = YES;
				INFOPLIST_KEY_UILaunchStoryboardName = LaunchScreen;
				INFOPLIST_KEY_UISupportedInterfaceOrientations_iPad = "UIInterfaceOrientationPortrait UIInterfaceOrientationPortraitUpsideDown UIInterfaceOrientationLandscapeLeft UIInterfaceOrientationLandscapeRight";
				INFOPLIST_KEY_UISupportedInterfaceOrientations_iPhone = "UIInterfaceOrientationPortrait UIInterfaceOrientationLandscapeLeft UIInterfaceOrientationLandscapeRight";
				IPHONEOS_DEPLOYMENT_TARGET = 15.0;
				LD_RUNPATH_SEARCH_PATHS = (
					"$(inherited)",
					"@executable_path/Frameworks",
				);
				MARKETING_VERSION = 1.0;
				PRODUCT_BUNDLE_IDENTIFIER = com.Dynamic.BMOGIF;
				PRODUCT_NAME = "$(TARGET_NAME)";
				SUPPORTED_PLATFORMS = "iphoneos iphonesimulator";
				SUPPORTS_MACCATALYST = NO;
				SUPPORTS_MAC_DESIGNED_FOR_IPHONE_IPAD = NO;
				SWIFT_EMIT_LOC_STRINGS = YES;
				SWIFT_VERSION = 5.0;
				TARGETED_DEVICE_FAMILY = 1;
			};
			name = Release;
		};
		0B03449129A4B9C80082588B /* Debug */ = {
			isa = XCBuildConfiguration;
			buildSettings = {
				ALWAYS_EMBED_SWIFT_STANDARD_LIBRARIES = YES;
				BUNDLE_LOADER = "$(TEST_HOST)";
				CODE_SIGN_STYLE = Automatic;
				CURRENT_PROJECT_VERSION = 1;
				DEVELOPMENT_TEAM = DAG6F8V8UR;
				GENERATE_INFOPLIST_FILE = YES;
				IPHONEOS_DEPLOYMENT_TARGET = 16.2;
				MARKETING_VERSION = 1.0;
				PRODUCT_BUNDLE_IDENTIFIER = com.Dynamic.BMOGIFTests;
				PRODUCT_NAME = "$(TARGET_NAME)";
				SWIFT_EMIT_LOC_STRINGS = NO;
				SWIFT_VERSION = 5.0;
				TARGETED_DEVICE_FAMILY = "1,2";
				TEST_HOST = "$(BUILT_PRODUCTS_DIR)/BMOGIF.app/$(BUNDLE_EXECUTABLE_FOLDER_PATH)/BMOGIF";
			};
			name = Debug;
		};
		0B03449229A4B9C80082588B /* Release */ = {
			isa = XCBuildConfiguration;
			buildSettings = {
				ALWAYS_EMBED_SWIFT_STANDARD_LIBRARIES = YES;
				BUNDLE_LOADER = "$(TEST_HOST)";
				CODE_SIGN_STYLE = Automatic;
				CURRENT_PROJECT_VERSION = 1;
				DEVELOPMENT_TEAM = DAG6F8V8UR;
				GENERATE_INFOPLIST_FILE = YES;
				IPHONEOS_DEPLOYMENT_TARGET = 16.2;
				MARKETING_VERSION = 1.0;
				PRODUCT_BUNDLE_IDENTIFIER = com.Dynamic.BMOGIFTests;
				PRODUCT_NAME = "$(TARGET_NAME)";
				SWIFT_EMIT_LOC_STRINGS = NO;
				SWIFT_VERSION = 5.0;
				TARGETED_DEVICE_FAMILY = "1,2";
				TEST_HOST = "$(BUILT_PRODUCTS_DIR)/BMOGIF.app/$(BUNDLE_EXECUTABLE_FOLDER_PATH)/BMOGIF";
			};
			name = Release;
		};
		0B03449429A4B9C80082588B /* Debug */ = {
			isa = XCBuildConfiguration;
			buildSettings = {
				ALWAYS_EMBED_SWIFT_STANDARD_LIBRARIES = YES;
				CODE_SIGN_STYLE = Automatic;
				CURRENT_PROJECT_VERSION = 1;
				DEVELOPMENT_TEAM = DAG6F8V8UR;
				GENERATE_INFOPLIST_FILE = YES;
				MARKETING_VERSION = 1.0;
				PRODUCT_BUNDLE_IDENTIFIER = com.Dynamic.BMOGIFUITests;
				PRODUCT_NAME = "$(TARGET_NAME)";
				SWIFT_EMIT_LOC_STRINGS = NO;
				SWIFT_VERSION = 5.0;
				TARGETED_DEVICE_FAMILY = "1,2";
				TEST_TARGET_NAME = BMOGIF;
			};
			name = Debug;
		};
		0B03449529A4B9C80082588B /* Release */ = {
			isa = XCBuildConfiguration;
			buildSettings = {
				ALWAYS_EMBED_SWIFT_STANDARD_LIBRARIES = YES;
				CODE_SIGN_STYLE = Automatic;
				CURRENT_PROJECT_VERSION = 1;
				DEVELOPMENT_TEAM = DAG6F8V8UR;
				GENERATE_INFOPLIST_FILE = YES;
				MARKETING_VERSION = 1.0;
				PRODUCT_BUNDLE_IDENTIFIER = com.Dynamic.BMOGIFUITests;
				PRODUCT_NAME = "$(TARGET_NAME)";
				SWIFT_EMIT_LOC_STRINGS = NO;
				SWIFT_VERSION = 5.0;
				TARGETED_DEVICE_FAMILY = "1,2";
				TEST_TARGET_NAME = BMOGIF;
			};
			name = Release;
		};
/* End XCBuildConfiguration section */

/* Begin XCConfigurationList section */
		0B03445E29A4B9C50082588B /* Build configuration list for PBXProject "BMOGIF" */ = {
			isa = XCConfigurationList;
			buildConfigurations = (
				0B03448B29A4B9C80082588B /* Debug */,
				0B03448C29A4B9C80082588B /* Release */,
			);
			defaultConfigurationIsVisible = 0;
			defaultConfigurationName = Release;
		};
		0B03448D29A4B9C80082588B /* Build configuration list for PBXNativeTarget "BMOGIF" */ = {
			isa = XCConfigurationList;
			buildConfigurations = (
				0B03448E29A4B9C80082588B /* Debug */,
				0B03448F29A4B9C80082588B /* Release */,
			);
			defaultConfigurationIsVisible = 0;
			defaultConfigurationName = Release;
		};
		0B03449029A4B9C80082588B /* Build configuration list for PBXNativeTarget "BMOGIFTests" */ = {
			isa = XCConfigurationList;
			buildConfigurations = (
				0B03449129A4B9C80082588B /* Debug */,
				0B03449229A4B9C80082588B /* Release */,
			);
			defaultConfigurationIsVisible = 0;
			defaultConfigurationName = Release;
		};
		0B03449329A4B9C80082588B /* Build configuration list for PBXNativeTarget "BMOGIFUITests" */ = {
			isa = XCConfigurationList;
			buildConfigurations = (
				0B03449429A4B9C80082588B /* Debug */,
				0B03449529A4B9C80082588B /* Release */,
			);
			defaultConfigurationIsVisible = 0;
			defaultConfigurationName = Release;
		};
/* End XCConfigurationList section */
	};
	rootObject = 0B03445B29A4B9C50082588B /* Project object */;
}
